
Microsoft Visual Studio Solution File, Format Version 11.00
# Visual Studio 2010
Project("{FAE04EC0-301F-11D3-BF4B-00C04F79EFBC}") = "Qcouch", "q-couch\Qcouch.csproj", "{0F1E2FAC-89D5-4CBD-95E6-D9C7AFF538D9}"
EndProject
Project("{FAE04EC0-301F-11D3-BF4B-00C04F79EFBC}") = "library", "..\library\library.csproj", "{CED70D6F-7BA4-48C3-B805-1B7A7D319993}"
EndProject
Global
	GlobalSection(SolutionConfigurationPlatforms) = preSolution
		Debug|x86 = Debug|x86
		Release|x86 = Release|x86
	EndGlobalSection
	GlobalSection(ProjectConfigurationPlatforms) = postSolution
		{0F1E2FAC-89D5-4CBD-95E6-D9C7AFF538D9}.Debug|x86.ActiveCfg = Debug|x86
		{0F1E2FAC-89D5-4CBD-95E6-D9C7AFF538D9}.Debug|x86.Build.0 = Debug|x86
		{0F1E2FAC-89D5-4CBD-95E6-D9C7AFF538D9}.Release|x86.ActiveCfg = Release|x86
		{0F1E2FAC-89D5-4CBD-95E6-D9C7AFF538D9}.Release|x86.Build.0 = Release|x86
		{CED70D6F-7BA4-48C3-B805-1B7A7D319993}.Debug|x86.ActiveCfg = Debug|Any CPU
		{CED70D6F-7BA4-48C3-B805-1B7A7D319993}.Debug|x86.Build.0 = Debug|Any CPU
		{CED70D6F-7BA4-48C3-B805-1B7A7D319993}.Release|x86.ActiveCfg = Release|Any CPU
		{CED70D6F-7BA4-48C3-B805-1B7A7D319993}.Release|x86.Build.0 = Release|Any CPU
	EndGlobalSection
	GlobalSection(MonoDevelopProperties) = preSolution
		StartupItem = q-couch\Qcouch.csproj
		Policies = $0
		$0.TextStylePolicy = $1
		$1.inheritsSet = null
		$1.scope = text/x-csharp
		$0.CSharpFormattingPolicy = $2
		$2.BeforeMethodDeclarationParentheses = False
		$2.BeforeMethodCallParentheses = False
		$2.BeforeConstructorDeclarationParentheses = False
		$2.BeforeIndexerDeclarationBracket = False
		$2.BeforeDelegateDeclarationParentheses = False
		$2.NewParentheses = False
		$2.AroundAssignmentParentheses = False
		$2.AroundLogicalOperatorParentheses = False
		$2.AroundEqualityOperatorParentheses = False
		$2.AroundRelationalOperatorParentheses = False
		$2.AroundBitwiseOperatorParentheses = False
		$2.AroundAdditiveOperatorParentheses = False
		$2.AroundMultiplicativeOperatorParentheses = False
		$2.AroundShiftOperatorParentheses = False
		$2.AroundNullCoalescingOperator = False
		$2.ConditionalOperatorBeforeConditionSpace = False
		$2.ConditionalOperatorAfterConditionSpace = False
		$2.ConditionalOperatorBeforeSeparatorSpace = False
		$2.ConditionalOperatorAfterSeparatorSpace = False
		$2.SpacesBeforeBrackets = False
		$2.inheritsSet = Mono
		$2.inheritsScope = text/x-csharp
		$2.scope = text/x-csharp
	EndGlobalSection
EndGlobal
